
Microsoft Visual Studio Solution File, Format Version 12.00
# Visual Studio 14
VisualStudioVersion = 14.0.25420.1
MinimumVisualStudioVersion = 10.0.40219.1
Project("{FAE04EC0-301F-11D3-BF4B-00C04F79EFBC}") = "ABDC", "ABDC\ABDC.csproj", "{705D35B6-03BF-47B2-8A34-5ACCDB12A20C}"
EndProject
Project("{FAE04EC0-301F-11D3-BF4B-00C04F79EFBC}") = "ABDC.DALOldNUBE", "ABDB.DALOld\ABDC.DALOldNUBE.csproj", "{D0231640-40E6-4627-8541-0A402DD47D08}"
EndProject
Project("{FAE04EC0-301F-11D3-BF4B-00C04F79EFBC}") = "ABDC.DALNewNUBE", "ABDC.DALNew\ABDC.DALNewNUBE.csproj", "{324FF7D4-C2DF-4AE4-B7A6-58B5EBE3004A}"
EndProject
Project("{FAE04EC0-301F-11D3-BF4B-00C04F79EFBC}") = "ABDB.DALNewFMCG", "ABDB.DALNewFMCG\ABDB.DALNewFMCG.csproj", "{49B9A11F-844D-4BFC-9646-0F8A60FDD5E9}"
EndProject
Project("{FAE04EC0-301F-11D3-BF4B-00C04F79EFBC}") = "ABDB.DALOldFMCG", "ABDB.DALOldFMCG\ABDB.DALOldFMCG.csproj", "{52DF46F9-A98C-4E7A-BE71-C5218188D68B}"
EndProject
Global
	GlobalSection(SolutionConfigurationPlatforms) = preSolution
		Debug|Any CPU = Debug|Any CPU
		Release|Any CPU = Release|Any CPU
	EndGlobalSection
	GlobalSection(ProjectConfigurationPlatforms) = postSolution
		{705D35B6-03BF-47B2-8A34-5ACCDB12A20C}.Debug|Any CPU.ActiveCfg = Debug|Any CPU
		{705D35B6-03BF-47B2-8A34-5ACCDB12A20C}.Debug|Any CPU.Build.0 = Debug|Any CPU
		{705D35B6-03BF-47B2-8A34-5ACCDB12A20C}.Release|Any CPU.ActiveCfg = Release|Any CPU
		{705D35B6-03BF-47B2-8A34-5ACCDB12A20C}.Release|Any CPU.Build.0 = Release|Any CPU
		{D0231640-40E6-4627-8541-0A402DD47D08}.Debug|Any CPU.ActiveCfg = Debug|Any CPU
		{D0231640-40E6-4627-8541-0A402DD47D08}.Debug|Any CPU.Build.0 = Debug|Any CPU
		{D0231640-40E6-4627-8541-0A402DD47D08}.Release|Any CPU.ActiveCfg = Release|Any CPU
		{D0231640-40E6-4627-8541-0A402DD47D08}.Release|Any CPU.Build.0 = Release|Any CPU
		{324FF7D4-C2DF-4AE4-B7A6-58B5EBE3004A}.Debug|Any CPU.ActiveCfg = Debug|Any CPU
		{324FF7D4-C2DF-4AE4-B7A6-58B5EBE3004A}.Debug|Any CPU.Build.0 = Debug|Any CPU
		{324FF7D4-C2DF-4AE4-B7A6-58B5EBE3004A}.Release|Any CPU.ActiveCfg = Release|Any CPU
		{324FF7D4-C2DF-4AE4-B7A6-58B5EBE3004A}.Release|Any CPU.Build.0 = Release|Any CPU
		{49B9A11F-844D-4BFC-9646-0F8A60FDD5E9}.Debug|Any CPU.ActiveCfg = Debug|Any CPU
		{49B9A11F-844D-4BFC-9646-0F8A60FDD5E9}.Debug|Any CPU.Build.0 = Debug|Any CPU
		{49B9A11F-844D-4BFC-9646-0F8A60FDD5E9}.Release|Any CPU.ActiveCfg = Release|Any CPU
		{49B9A11F-844D-4BFC-9646-0F8A60FDD5E9}.Release|Any CPU.Build.0 = Release|Any CPU
		{52DF46F9-A98C-4E7A-BE71-C5218188D68B}.Debug|Any CPU.ActiveCfg = Debug|Any CPU
		{52DF46F9-A98C-4E7A-BE71-C5218188D68B}.Debug|Any CPU.Build.0 = Debug|Any CPU
		{52DF46F9-A98C-4E7A-BE71-C5218188D68B}.Release|Any CPU.ActiveCfg = Release|Any CPU
		{52DF46F9-A98C-4E7A-BE71-C5218188D68B}.Release|Any CPU.Build.0 = Release|Any CPU
	EndGlobalSection
	GlobalSection(SolutionProperties) = preSolution
		HideSolutionNode = FALSE
	EndGlobalSection
EndGlobal
